// !$*UTF8*$!
{
	archiveVersion = 1;
	classes = {
	};
	objectVersion = 50;
	objects = {

/* Begin PBXBuildFile section */
		A016CB2920978B2200AF2547 /* NumberViewController.swift in Sources */ = {isa = PBXBuildFile; fileRef = A016CB2820978B2100AF2547 /* NumberViewController.swift */; };
		A091A705208B5D9300ED276D /* AppDelegate.swift in Sources */ = {isa = PBXBuildFile; fileRef = A091A704208B5D9300ED276D /* AppDelegate.swift */; };
		A091A707208B5D9300ED276D /* ViewController.swift in Sources */ = {isa = PBXBuildFile; fileRef = A091A706208B5D9300ED276D /* ViewController.swift */; };
		A091A70A208B5D9300ED276D /* Main.storyboard in Resources */ = {isa = PBXBuildFile; fileRef = A091A708208B5D9300ED276D /* Main.storyboard */; };
		A091A70C208B5D9300ED276D /* Assets.xcassets in Resources */ = {isa = PBXBuildFile; fileRef = A091A70B208B5D9300ED276D /* Assets.xcassets */; };
		A091A70F208B5D9300ED276D /* LaunchScreen.storyboard in Resources */ = {isa = PBXBuildFile; fileRef = A091A70D208B5D9300ED276D /* LaunchScreen.storyboard */; };
		A091A71A208B5D9300ED276D /* Make_24Tests.swift in Sources */ = {isa = PBXBuildFile; fileRef = A091A719208B5D9300ED276D /* Make_24Tests.swift */; };
		A091A725208B5D9400ED276D /* Make_24UITests.swift in Sources */ = {isa = PBXBuildFile; fileRef = A091A724208B5D9400ED276D /* Make_24UITests.swift */; };
/* End PBXBuildFile section */

/* Begin PBXContainerItemProxy section */
		A091A716208B5D9300ED276D /* PBXContainerItemProxy */ = {
			isa = PBXContainerItemProxy;
			containerPortal = A091A6F9208B5D9300ED276D /* Project object */;
			proxyType = 1;
			remoteGlobalIDString = A091A700208B5D9300ED276D;
			remoteInfo = "Make 24";
		};
		A091A721208B5D9400ED276D /* PBXContainerItemProxy */ = {
			isa = PBXContainerItemProxy;
			containerPortal = A091A6F9208B5D9300ED276D /* Project object */;
			proxyType = 1;
			remoteGlobalIDString = A091A700208B5D9300ED276D;
			remoteInfo = "Make 24";
		};
/* End PBXContainerItemProxy section */

/* Begin PBXFileReference section */
		A016CB2820978B2100AF2547 /* NumberViewController.swift */ = {isa = PBXFileReference; fileEncoding = 4; lastKnownFileType = sourcecode.swift; path = NumberViewController.swift; sourceTree = "<group>"; };
		A091A701208B5D9300ED276D /* Make 24.app */ = {isa = PBXFileReference; explicitFileType = wrapper.application; includeInIndex = 0; path = "Make 24.app"; sourceTree = BUILT_PRODUCTS_DIR; };
		A091A704208B5D9300ED276D /* AppDelegate.swift */ = {isa = PBXFileReference; lastKnownFileType = sourcecode.swift; path = AppDelegate.swift; sourceTree = "<group>"; };
		A091A706208B5D9300ED276D /* ViewController.swift */ = {isa = PBXFileReference; lastKnownFileType = sourcecode.swift; path = ViewController.swift; sourceTree = "<group>"; };
		A091A709208B5D9300ED276D /* Base */ = {isa = PBXFileReference; lastKnownFileType = file.storyboard; name = Base; path = Base.lproj/Main.storyboard; sourceTree = "<group>"; };
		A091A70B208B5D9300ED276D /* Assets.xcassets */ = {isa = PBXFileReference; lastKnownFileType = folder.assetcatalog; path = Assets.xcassets; sourceTree = "<group>"; };
		A091A70E208B5D9300ED276D /* Base */ = {isa = PBXFileReference; lastKnownFileType = file.storyboard; name = Base; path = Base.lproj/LaunchScreen.storyboard; sourceTree = "<group>"; };
		A091A710208B5D9300ED276D /* Info.plist */ = {isa = PBXFileReference; lastKnownFileType = text.plist.xml; path = Info.plist; sourceTree = "<group>"; };
		A091A715208B5D9300ED276D /* Make 24Tests.xctest */ = {isa = PBXFileReference; explicitFileType = wrapper.cfbundle; includeInIndex = 0; path = "Make 24Tests.xctest"; sourceTree = BUILT_PRODUCTS_DIR; };
		A091A719208B5D9300ED276D /* Make_24Tests.swift */ = {isa = PBXFileReference; lastKnownFileType = sourcecode.swift; path = Make_24Tests.swift; sourceTree = "<group>"; };
		A091A71B208B5D9300ED276D /* Info.plist */ = {isa = PBXFileReference; lastKnownFileType = text.plist.xml; path = Info.plist; sourceTree = "<group>"; };
		A091A720208B5D9400ED276D /* Make 24UITests.xctest */ = {isa = PBXFileReference; explicitFileType = wrapper.cfbundle; includeInIndex = 0; path = "Make 24UITests.xctest"; sourceTree = BUILT_PRODUCTS_DIR; };
		A091A724208B5D9400ED276D /* Make_24UITests.swift */ = {isa = PBXFileReference; lastKnownFileType = sourcecode.swift; path = Make_24UITests.swift; sourceTree = "<group>"; };
		A091A726208B5D9400ED276D /* Info.plist */ = {isa = PBXFileReference; lastKnownFileType = text.plist.xml; path = Info.plist; sourceTree = "<group>"; };
/* End PBXFileReference section */

/* Begin PBXFrameworksBuildPhase section */
		A091A6FE208B5D9300ED276D /* Frameworks */ = {
			isa = PBXFrameworksBuildPhase;
			buildActionMask = 2147483647;
			files = (
			);
			runOnlyForDeploymentPostprocessing = 0;
		};
		A091A712208B5D9300ED276D /* Frameworks */ = {
			isa = PBXFrameworksBuildPhase;
			buildActionMask = 2147483647;
			files = (
			);
			runOnlyForDeploymentPostprocessing = 0;
		};
		A091A71D208B5D9400ED276D /* Frameworks */ = {
			isa = PBXFrameworksBuildPhase;
			buildActionMask = 2147483647;
			files = (
			);
			runOnlyForDeploymentPostprocessing = 0;
		};
/* End PBXFrameworksBuildPhase section */

/* Begin PBXGroup section */
		A091A6F8208B5D9300ED276D = {
			isa = PBXGroup;
			children = (
				A091A703208B5D9300ED276D /* Make 24 */,
				A091A718208B5D9300ED276D /* Make 24Tests */,
				A091A723208B5D9400ED276D /* Make 24UITests */,
				A091A702208B5D9300ED276D /* Products */,
			);
			sourceTree = "<group>";
		};
		A091A702208B5D9300ED276D /* Products */ = {
			isa = PBXGroup;
			children = (
				A091A701208B5D9300ED276D /* Make 24.app */,
				A091A715208B5D9300ED276D /* Make 24Tests.xctest */,
				A091A720208B5D9400ED276D /* Make 24UITests.xctest */,
			);
			name = Products;
			sourceTree = "<group>";
		};
		A091A703208B5D9300ED276D /* Make 24 */ = {
			isa = PBXGroup;
			children = (
				A016CB2820978B2100AF2547 /* NumberViewController.swift */,
				A091A704208B5D9300ED276D /* AppDelegate.swift */,
				A091A706208B5D9300ED276D /* ViewController.swift */,
				A091A708208B5D9300ED276D /* Main.storyboard */,
				A091A70B208B5D9300ED276D /* Assets.xcassets */,
				A091A70D208B5D9300ED276D /* LaunchScreen.storyboard */,
				A091A710208B5D9300ED276D /* Info.plist */,
			);
			path = "Make 24";
			sourceTree = "<group>";
		};
		A091A718208B5D9300ED276D /* Make 24Tests */ = {
			isa = PBXGroup;
			children = (
				A091A719208B5D9300ED276D /* Make_24Tests.swift */,
				A091A71B208B5D9300ED276D /* Info.plist */,
			);
			path = "Make 24Tests";
			sourceTree = "<group>";
		};
		A091A723208B5D9400ED276D /* Make 24UITests */ = {
			isa = PBXGroup;
			children = (
				A091A724208B5D9400ED276D /* Make_24UITests.swift */,
				A091A726208B5D9400ED276D /* Info.plist */,
			);
			path = "Make 24UITests";
			sourceTree = "<group>";
		};
/* End PBXGroup section */

/* Begin PBXNativeTarget section */
		A091A700208B5D9300ED276D /* Make 24 */ = {
			isa = PBXNativeTarget;
			buildConfigurationList = A091A729208B5D9400ED276D /* Build configuration list for PBXNativeTarget "Make 24" */;
			buildPhases = (
				A091A6FD208B5D9300ED276D /* Sources */,
				A091A6FE208B5D9300ED276D /* Frameworks */,
				A091A6FF208B5D9300ED276D /* Resources */,
			);
			buildRules = (
			);
			dependencies = (
			);
			name = "Make 24";
			productName = "Make 24";
			productReference = A091A701208B5D9300ED276D /* Make 24.app */;
			productType = "com.apple.product-type.application";
		};
		A091A714208B5D9300ED276D /* Make 24Tests */ = {
			isa = PBXNativeTarget;
			buildConfigurationList = A091A72C208B5D9400ED276D /* Build configuration list for PBXNativeTarget "Make 24Tests" */;
			buildPhases = (
				A091A711208B5D9300ED276D /* Sources */,
				A091A712208B5D9300ED276D /* Frameworks */,
				A091A713208B5D9300ED276D /* Resources */,
			);
			buildRules = (
			);
			dependencies = (
				A091A717208B5D9300ED276D /* PBXTargetDependency */,
			);
			name = "Make 24Tests";
			productName = "Make 24Tests";
			productReference = A091A715208B5D9300ED276D /* Make 24Tests.xctest */;
			productType = "com.apple.product-type.bundle.unit-test";
		};
		A091A71F208B5D9400ED276D /* Make 24UITests */ = {
			isa = PBXNativeTarget;
			buildConfigurationList = A091A72F208B5D9400ED276D /* Build configuration list for PBXNativeTarget "Make 24UITests" */;
			buildPhases = (
				A091A71C208B5D9400ED276D /* Sources */,
				A091A71D208B5D9400ED276D /* Frameworks */,
				A091A71E208B5D9400ED276D /* Resources */,
			);
			buildRules = (
			);
			dependencies = (
				A091A722208B5D9400ED276D /* PBXTargetDependency */,
			);
			name = "Make 24UITests";
			productName = "Make 24UITests";
			productReference = A091A720208B5D9400ED276D /* Make 24UITests.xctest */;
			productType = "com.apple.product-type.bundle.ui-testing";
		};
/* End PBXNativeTarget section */

/* Begin PBXProject section */
		A091A6F9208B5D9300ED276D /* Project object */ = {
			isa = PBXProject;
			attributes = {
				LastSwiftUpdateCheck = 0940;
				LastUpgradeCheck = 0940;
				ORGANIZATIONNAME = "Vineet Tyagi";
				TargetAttributes = {
					A091A700208B5D9300ED276D = {
						CreatedOnToolsVersion = 9.4;
					};
					A091A714208B5D9300ED276D = {
						CreatedOnToolsVersion = 9.4;
						TestTargetID = A091A700208B5D9300ED276D;
					};
					A091A71F208B5D9400ED276D = {
						CreatedOnToolsVersion = 9.4;
						TestTargetID = A091A700208B5D9300ED276D;
					};
				};
			};
			buildConfigurationList = A091A6FC208B5D9300ED276D /* Build configuration list for PBXProject "Make 24" */;
			compatibilityVersion = "Xcode 9.3";
			developmentRegion = en;
			hasScannedForEncodings = 0;
			knownRegions = (
				en,
				Base,
			);
			mainGroup = A091A6F8208B5D9300ED276D;
			productRefGroup = A091A702208B5D9300ED276D /* Products */;
			projectDirPath = "";
			projectRoot = "";
			targets = (
				A091A700208B5D9300ED276D /* Make 24 */,
				A091A714208B5D9300ED276D /* Make 24Tests */,
				A091A71F208B5D9400ED276D /* Make 24UITests */,
			);
		};
/* End PBXProject section */

/* Begin PBXResourcesBuildPhase section */
		A091A6FF208B5D9300ED276D /* Resources */ = {
			isa = PBXResourcesBuildPhase;
			buildActionMask = 2147483647;
			files = (
				A091A70F208B5D9300ED276D /* LaunchScreen.storyboard in Resources */,
				A091A70C208B5D9300ED276D /* Assets.xcassets in Resources */,
				A091A70A208B5D9300ED276D /* Main.storyboard in Resources */,
			);
			runOnlyForDeploymentPostprocessing = 0;
		};
		A091A713208B5D9300ED276D /* Resources */ = {
			isa = PBXResourcesBuildPhase;
			buildActionMask = 2147483647;
			files = (
			);
			runOnlyForDeploymentPostprocessing = 0;
		};
		A091A71E208B5D9400ED276D /* Resources */ = {
			isa = PBXResourcesBuildPhase;
			buildActionMask = 2147483647;
			files = (
			);
			runOnlyForDeploymentPostprocessing = 0;
		};
/* End PBXResourcesBuildPhase section */

/* Begin PBXSourcesBuildPhase section */
		A091A6FD208B5D9300ED276D /* Sources */ = {
			isa = PBXSourcesBuildPhase;
			buildActionMask = 2147483647;
			files = (
				A016CB2920978B2200AF2547 /* NumberViewController.swift in Sources */,
				A091A707208B5D9300ED276D /* ViewController.swift in Sources */,
				A091A705208B5D9300ED276D /* AppDelegate.swift in Sources */,
			);
			runOnlyForDeploymentPostprocessing = 0;
		};
		A091A711208B5D9300ED276D /* Sources */ = {
			isa = PBXSourcesBuildPhase;
			buildActionMask = 2147483647;
			files = (
				A091A71A208B5D9300ED276D /* Make_24Tests.swift in Sources */,
			);
			runOnlyForDeploymentPostprocessing = 0;
		};
		A091A71C208B5D9400ED276D /* Sources */ = {
			isa = PBXSourcesBuildPhase;
			buildActionMask = 2147483647;
			files = (
				A091A725208B5D9400ED276D /* Make_24UITests.swift in Sources */,
			);
			runOnlyForDeploymentPostprocessing = 0;
		};
/* End PBXSourcesBuildPhase section */

/* Begin PBXTargetDependency section */
		A091A717208B5D9300ED276D /* PBXTargetDependency */ = {
			isa = PBXTargetDependency;
			target = A091A700208B5D9300ED276D /* Make 24 */;
			targetProxy = A091A716208B5D9300ED276D /* PBXContainerItemProxy */;
		};
		A091A722208B5D9400ED276D /* PBXTargetDependency */ = {
			isa = PBXTargetDependency;
			target = A091A700208B5D9300ED276D /* Make 24 */;
			targetProxy = A091A721208B5D9400ED276D /* PBXContainerItemProxy */;
		};
/* End PBXTargetDependency section */

/* Begin PBXVariantGroup section */
		A091A708208B5D9300ED276D /* Main.storyboard */ = {
			isa = PBXVariantGroup;
			children = (
				A091A709208B5D9300ED276D /* Base */,
			);
			name = Main.storyboard;
			sourceTree = "<group>";
		};
		A091A70D208B5D9300ED276D /* LaunchScreen.storyboard */ = {
			isa = PBXVariantGroup;
			children = (
				A091A70E208B5D9300ED276D /* Base */,
			);
			name = LaunchScreen.storyboard;
			sourceTree = "<group>";
		};
/* End PBXVariantGroup section */

/* Begin XCBuildConfiguration section */
		A091A727208B5D9400ED276D /* Debug */ = {
			isa = XCBuildConfiguration;
			buildSettings = {
				ALWAYS_SEARCH_USER_PATHS = NO;
				CLANG_ANALYZER_NONNULL = YES;
				CLANG_ANALYZER_NUMBER_OBJECT_CONVERSION = YES_AGGRESSIVE;
				CLANG_CXX_LANGUAGE_STANDARD = "gnu++14";
				CLANG_CXX_LIBRARY = "libc++";
				CLANG_ENABLE_MODULES = YES;
				CLANG_ENABLE_OBJC_ARC = YES;
				CLANG_ENABLE_OBJC_WEAK = YES;
				CLANG_WARN_BLOCK_CAPTURE_AUTORELEASING = YES;
				CLANG_WARN_BOOL_CONVERSION = YES;
				CLANG_WARN_COMMA = YES;
				CLANG_WARN_CONSTANT_CONVERSION = YES;
				CLANG_WARN_DEPRECATED_OBJC_IMPLEMENTATIONS = YES;
				CLANG_WARN_DIRECT_OBJC_ISA_USAGE = YES_ERROR;
				CLANG_WARN_DOCUMENTATION_COMMENTS = YES;
				CLANG_WARN_EMPTY_BODY = YES;
				CLANG_WARN_ENUM_CONVERSION = YES;
				CLANG_WARN_INFINITE_RECURSION = YES;
				CLANG_WARN_INT_CONVERSION = YES;
				CLANG_WARN_NON_LITERAL_NULL_CONVERSION = YES;
				CLANG_WARN_OBJC_IMPLICIT_RETAIN_SELF = YES;
				CLANG_WARN_OBJC_LITERAL_CONVERSION = YES;
				CLANG_WARN_OBJC_ROOT_CLASS = YES_ERROR;
				CLANG_WARN_RANGE_LOOP_ANALYSIS = YES;
				CLANG_WARN_STRICT_PROTOTYPES = YES;
				CLANG_WARN_SUSPICIOUS_MOVE = YES;
				CLANG_WARN_UNGUARDED_AVAILABILITY = YES_AGGRESSIVE;
				CLANG_WARN_UNREACHABLE_CODE = YES;
				CLANG_WARN__DUPLICATE_METHOD_MATCH = YES;
				CODE_SIGN_IDENTITY = "iPhone Developer";
				COPY_PHASE_STRIP = NO;
				DEBUG_INFORMATION_FORMAT = dwarf;
				ENABLE_STRICT_OBJC_MSGSEND = YES;
				ENABLE_TESTABILITY = YES;
				GCC_C_LANGUAGE_STANDARD = gnu11;
				GCC_DYNAMIC_NO_PIC = NO;
				GCC_NO_COMMON_BLOCKS = YES;
				GCC_OPTIMIZATION_LEVEL = 0;
				GCC_PREPROCESSOR_DEFINITIONS = (
					"DEBUG=1",
					"$(inherited)",
				);
				GCC_WARN_64_TO_32_BIT_CONVERSION = YES;
				GCC_WARN_ABOUT_RETURN_TYPE = YES_ERROR;
				GCC_WARN_UNDECLARED_SELECTOR = YES;
				GCC_WARN_UNINITIALIZED_AUTOS = YES_AGGRESSIVE;
				GCC_WARN_UNUSED_FUNCTION = YES;
				GCC_WARN_UNUSED_VARIABLE = YES;
				IPHONEOS_DEPLOYMENT_TARGET = 11.4;
				MTL_ENABLE_DEBUG_INFO = YES;
				ONLY_ACTIVE_ARCH = YES;
				SDKROOT = iphoneos;
				SWIFT_ACTIVE_COMPILATION_CONDITIONS = DEBUG;
				SWIFT_OPTIMIZATION_LEVEL = "-Onone";
			};
			name = Debug;
		};
		A091A728208B5D9400ED276D /* Release */ = {
			isa = XCBuildConfiguration;
			buildSettings = {
				ALWAYS_SEARCH_USER_PATHS = NO;
				CLANG_ANALYZER_NONNULL = YES;
				CLANG_ANALYZER_NUMBER_OBJECT_CONVERSION = YES_AGGRESSIVE;
				CLANG_CXX_LANGUAGE_STANDARD = "gnu++14";
				CLANG_CXX_LIBRARY = "libc++";
				CLANG_ENABLE_MODULES = YES;
				CLANG_ENABLE_OBJC_ARC = YES;
				CLANG_ENABLE_OBJC_WEAK = YES;
				CLANG_WARN_BLOCK_CAPTURE_AUTORELEASING = YES;
				CLANG_WARN_BOOL_CONVERSION = YES;
				CLANG_WARN_COMMA = YES;
				CLANG_WARN_CONSTANT_CONVERSION = YES;
				CLANG_WARN_DEPRECATED_OBJC_IMPLEMENTATIONS = YES;
				CLANG_WARN_DIRECT_OBJC_ISA_USAGE = YES_ERROR;
				CLANG_WARN_DOCUMENTATION_COMMENTS = YES;
				CLANG_WARN_EMPTY_BODY = YES;
				CLANG_WARN_ENUM_CONVERSION = YES;
				CLANG_WARN_INFINITE_RECURSION = YES;
				CLANG_WARN_INT_CONVERSION = YES;
				CLANG_WARN_NON_LITERAL_NULL_CONVERSION = YES;
				CLANG_WARN_OBJC_IMPLICIT_RETAIN_SELF = YES;
				CLANG_WARN_OBJC_LITERAL_CONVERSION = YES;
				CLANG_WARN_OBJC_ROOT_CLASS = YES_ERROR;
				CLANG_WARN_RANGE_LOOP_ANALYSIS = YES;
				CLANG_WARN_STRICT_PROTOTYPES = YES;
				CLANG_WARN_SUSPICIOUS_MOVE = YES;
				CLANG_WARN_UNGUARDED_AVAILABILITY = YES_AGGRESSIVE;
				CLANG_WARN_UNREACHABLE_CODE = YES;
				CLANG_WARN__DUPLICATE_METHOD_MATCH = YES;
				CODE_SIGN_IDENTITY = "iPhone Developer";
				COPY_PHASE_STRIP = NO;
				DEBUG_INFORMATION_FORMAT = "dwarf-with-dsym";
				ENABLE_NS_ASSERTIONS = NO;
				ENABLE_STRICT_OBJC_MSGSEND = YES;
				GCC_C_LANGUAGE_STANDARD = gnu11;
				GCC_NO_COMMON_BLOCKS = YES;
				GCC_WARN_64_TO_32_BIT_CONVERSION = YES;
				GCC_WARN_ABOUT_RETURN_TYPE = YES_ERROR;
				GCC_WARN_UNDECLARED_SELECTOR = YES;
				GCC_WARN_UNINITIALIZED_AUTOS = YES_AGGRESSIVE;
				GCC_WARN_UNUSED_FUNCTION = YES;
				GCC_WARN_UNUSED_VARIABLE = YES;
				IPHONEOS_DEPLOYMENT_TARGET = 11.4;
				MTL_ENABLE_DEBUG_INFO = NO;
				SDKROOT = iphoneos;
				SWIFT_COMPILATION_MODE = wholemodule;
				SWIFT_OPTIMIZATION_LEVEL = "-O";
				VALIDATE_PRODUCT = YES;
			};
			name = Release;
		};
		A091A72A208B5D9400ED276D /* Debug */ = {
			isa = XCBuildConfiguration;
			buildSettings = {
				ASSETCATALOG_COMPILER_APPICON_NAME = AppIcon;
				CODE_SIGN_STYLE = Automatic;
				DEVELOPMENT_TEAM = 68RYYGTFMN;
				INFOPLIST_FILE = "Make 24/Info.plist";
				IPHONEOS_DEPLOYMENT_TARGET = 11.3;
				LD_RUNPATH_SEARCH_PATHS = (
					"$(inherited)",
					"@executable_path/Frameworks",
				);
				PRODUCT_BUNDLE_IDENTIFIER = "com.vineettyagi.Make-24";
				PRODUCT_NAME = "$(TARGET_NAME)";
				SWIFT_VERSION = 4.0;
				TARGETED_DEVICE_FAMILY = "1,2";
			};
			name = Debug;
		};
		A091A72B208B5D9400ED276D /* Release */ = {
			isa = XCBuildConfiguration;
			buildSettings = {
				ASSETCATALOG_COMPILER_APPICON_NAME = AppIcon;
				CODE_SIGN_STYLE = Automatic;
				DEVELOPMENT_TEAM = 68RYYGTFMN;
				INFOPLIST_FILE = "Make 24/Info.plist";
				IPHONEOS_DEPLOYMENT_TARGET = 11.3;
				LD_RUNPATH_SEARCH_PATHS = (
					"$(inherited)",
					"@executable_path/Frameworks",
				);
				PRODUCT_BUNDLE_IDENTIFIER = "com.vineettyagi.Make-24";
				PRODUCT_NAME = "$(TARGET_NAME)";
				SWIFT_VERSION = 4.0;
				TARGETED_DEVICE_FAMILY = "1,2";
			};
			name = Release;
		};
		A091A72D208B5D9400ED276D /* Debug */ = {
			isa = XCBuildConfiguration;
			buildSettings = {
				ALWAYS_EMBED_SWIFT_STANDARD_LIBRARIES = YES;
				BUNDLE_LOADER = "$(TEST_HOST)";
				CODE_SIGN_STYLE = Automatic;
				INFOPLIST_FILE = "Make 24Tests/Info.plist";
				LD_RUNPATH_SEARCH_PATHS = (
					"$(inherited)",
					"@executable_path/Frameworks",
					"@loader_path/Frameworks",
				);
				PRODUCT_BUNDLE_IDENTIFIER = "com.vineettyagi.Make-24Tests";
				PRODUCT_NAME = "$(TARGET_NAME)";
				SWIFT_VERSION = 4.0;
				TARGETED_DEVICE_FAMILY = "1,2";
				TEST_HOST = "$(BUILT_PRODUCTS_DIR)/Make 24.app/Make 24";
			};
			name = Debug;
		};
		A091A72E208B5D9400ED276D /* Release */ = {
			isa = XCBuildConfiguration;
			buildSettings = {
				ALWAYS_EMBED_SWIFT_STANDARD_LIBRARIES = YES;
				BUNDLE_LOADER = "$(TEST_HOST)";
				CODE_SIGN_STYLE = Automatic;
				INFOPLIST_FILE = "Make 24Tests/Info.plist";
				LD_RUNPATH_SEARCH_PATHS = (
					"$(inherited)",
					"@executable_path/Frameworks",
					"@loader_path/Frameworks",
				);
				PRODUCT_BUNDLE_IDENTIFIER = "com.vineettyagi.Make-24Tests";
				PRODUCT_NAME = "$(TARGET_NAME)";
				SWIFT_VERSION = 4.0;
				TARGETED_DEVICE_FAMILY = "1,2";
				TEST_HOST = "$(BUILT_PRODUCTS_DIR)/Make 24.app/Make 24";
			};
			name = Release;
		};
		A091A730208B5D9400ED276D /* Debug */ = {
			isa = XCBuildConfiguration;
			buildSettings = {
				ALWAYS_EMBED_SWIFT_STANDARD_LIBRARIES = YES;
				CODE_SIGN_STYLE = Automatic;
				INFOPLIST_FILE = "Make 24UITests/Info.plist";
				LD_RUNPATH_SEARCH_PATHS = (
					"$(inherited)",
					"@executable_path/Frameworks",
					"@loader_path/Frameworks",
				);
				PRODUCT_BUNDLE_IDENTIFIER = "com.vineettyagi.Make-24UITests";
				PRODUCT_NAME = "$(TARGET_NAME)";
				SWIFT_VERSION = 4.0;
				TARGETED_DEVICE_FAMILY = "1,2";
				TEST_TARGET_NAME = "Make 24";
			};
			name = Debug;
		};
		A091A731208B5D9400ED276D /* Release */ = {
			isa = XCBuildConfiguration;
			buildSettings = {
				ALWAYS_EMBED_SWIFT_STANDARD_LIBRARIES = YES;
				CODE_SIGN_STYLE = Automatic;
				INFOPLIST_FILE = "Make 24UITests/Info.plist";
				LD_RUNPATH_SEARCH_PATHS = (
					"$(inherited)",
					"@executable_path/Frameworks",
					"@loader_path/Frameworks",
				);
				PRODUCT_BUNDLE_IDENTIFIER = "com.vineettyagi.Make-24UITests";
				PRODUCT_NAME = "$(TARGET_NAME)";
				SWIFT_VERSION = 4.0;
				TARGETED_DEVICE_FAMILY = "1,2";
				TEST_TARGET_NAME = "Make 24";
			};
			name = Release;
		};
/* End XCBuildConfiguration section */

/* Begin XCConfigurationList section */
		A091A6FC208B5D9300ED276D /* Build configuration list for PBXProject "Make 24" */ = {
			isa = XCConfigurationList;
			buildConfigurations = (
				A091A727208B5D9400ED276D /* Debug */,
				A091A728208B5D9400ED276D /* Release */,
			);
			defaultConfigurationIsVisible = 0;
			defaultConfigurationName = Release;
		};
		A091A729208B5D9400ED276D /* Build configuration list for PBXNativeTarget "Make 24" */ = {
			isa = XCConfigurationList;
			buildConfigurations = (
				A091A72A208B5D9400ED276D /* Debug */,
				A091A72B208B5D9400ED276D /* Release */,
			);
			defaultConfigurationIsVisible = 0;
			defaultConfigurationName = Release;
		};
		A091A72C208B5D9400ED276D /* Build configuration list for PBXNativeTarget "Make 24Tests" */ = {
			isa = XCConfigurationList;
			buildConfigurations = (
				A091A72D208B5D9400ED276D /* Debug */,
				A091A72E208B5D9400ED276D /* Release */,
			);
			defaultConfigurationIsVisible = 0;
			defaultConfigurationName = Release;
		};
		A091A72F208B5D9400ED276D /* Build configuration list for PBXNativeTarget "Make 24UITests" */ = {
			isa = XCConfigurationList;
			buildConfigurations = (
				A091A730208B5D9400ED276D /* Debug */,
				A091A731208B5D9400ED276D /* Release */,
			);
			defaultConfigurationIsVisible = 0;
			defaultConfigurationName = Release;
		};
/* End XCConfigurationList section */
	};
	rootObject = A091A6F9208B5D9300ED276D /* Project object */;
}
